
Microsoft Visual Studio Solution File, Format Version 11.00
# Visual Studio 2010
Project("{FAE04EC0-301F-11D3-BF4B-00C04F79EFBC}") = "Assembly-CSharp", "Assembly-CSharp.csproj", "{52261335-322F-9CC4-E929-40A45CB1789B}"
EndProject
Project("{FAE04EC0-301F-11D3-BF4B-00C04F79EFBC}") = "Assembly-CSharp-Editor", "Assembly-CSharp-Editor.csproj", "{4E7D4438-1246-2C8B-E08C-258E7F2E01F1}"
EndProject
Global
	GlobalSection(SolutionConfigurationPlatforms) = preSolution
		Debug|Any CPU = Debug|Any CPU
		Release|Any CPU = Release|Any CPU
	EndGlobalSection
	GlobalSection(ProjectConfigurationPlatforms) = postSolution
		{52261335-322F-9CC4-E929-40A45CB1789B}.Debug|Any CPU.ActiveCfg = Debug|Any CPU
		{52261335-322F-9CC4-E929-40A45CB1789B}.Debug|Any CPU.Build.0 = Debug|Any CPU
		{52261335-322F-9CC4-E929-40A45CB1789B}.Release|Any CPU.ActiveCfg = Release|Any CPU
		{52261335-322F-9CC4-E929-40A45CB1789B}.Release|Any CPU.Build.0 = Release|Any CPU
		{4E7D4438-1246-2C8B-E08C-258E7F2E01F1}.Debug|Any CPU.ActiveCfg = Debug|Any CPU
		{4E7D4438-1246-2C8B-E08C-258E7F2E01F1}.Debug|Any CPU.Build.0 = Debug|Any CPU
		{4E7D4438-1246-2C8B-E08C-258E7F2E01F1}.Release|Any CPU.ActiveCfg = Release|Any CPU
		{4E7D4438-1246-2C8B-E08C-258E7F2E01F1}.Release|Any CPU.Build.0 = Release|Any CPU
	EndGlobalSection
	GlobalSection(SolutionProperties) = preSolution
		HideSolutionNode = FALSE
	EndGlobalSection
EndGlobal
